
Microsoft Visual Studio Solution File, Format Version 12.00
# Visual Studio 15
VisualStudioVersion = 15.0.27428.2037
MinimumVisualStudioVersion = 10.0.40219.1
Project("{8BC9CEB8-8B4A-11D0-8D11-00A0C91BC942}") = "AMaxLib", "AMaxLib\AMaxLib.vcxproj", "{548F1626-CBA3-44D2-B0D4-562A8EBB60A4}"
EndProject
Project("{8BC9CEB8-8B4A-11D0-8D11-00A0C91BC942}") = "99.MaxUtil", "Tool\MaxUtil\MaxUtil.vcxproj", "{D4985EC3-87C7-4D4C-A1DB-7BBDE4BB1DD2}"
EndProject
Project("{8BC9CEB8-8B4A-11D0-8D11-00A0C91BC942}") = "1.Max_SKIN_View", "Tool\MaxSkinInporter\MaxSkinInporter.vcxproj", "{F10E9C83-22AD-48A7-8A3C-CABFC3EDFA5F}"
EndProject
Project("{8BC9CEB8-8B4A-11D0-8D11-00A0C91BC942}") = "2.Max_MATRIX_View", "Tool\MaxMatrixInporter\MaxMatrixInporter.vcxproj", "{D4B44DD3-4E94-4AB8-9488-5328F095D4C0}"
EndProject
Project("{8BC9CEB8-8B4A-11D0-8D11-00A0C91BC942}") = "3.Max_CHAR_View", "Tool\MaxCharInporter\MaxCharInporter.vcxproj", "{B0B3DA32-549A-4030-8F0B-71DA9AB22A2F}"
EndProject
Project("{8BC9CEB8-8B4A-11D0-8D11-00A0C91BC942}") = "KKBTool", "Tool\KKBTool\KKBTool.vcxproj", "{43D09703-96B9-46D0-AC3C-4D1097C7FA8D}"
	ProjectSection(ProjectDependencies) = postProject
		{548F1626-CBA3-44D2-B0D4-562A8EBB60A4} = {548F1626-CBA3-44D2-B0D4-562A8EBB60A4}
	EndProjectSection
EndProject
Project("{2150E333-8FDC-42A3-9474-1A3956D46DE8}") = "MAX_VIEW", "MAX_VIEW", "{5612BD3C-335E-4C4E-9C48-FC2844338950}"
EndProject
Project("{2150E333-8FDC-42A3-9474-1A3956D46DE8}") = "_Lib", "_Lib", "{2A7AFF72-21C4-4FA3-B8C0-EA4EE6DFE712}"
EndProject
Project("{2150E333-8FDC-42A3-9474-1A3956D46DE8}") = "MAX_UTIL", "MAX_UTIL", "{81948A90-F0B4-4CFF-9FDF-E270E35B5FB0}"
EndProject
Project("{8BC9CEB8-8B4A-11D0-8D11-00A0C91BC942}") = "Char_Instancing", "Tool\Char_Instanceing\CharacterInstancing.vcxproj", "{70714BD1-1650-48F7-8B88-0D6A60A42868}"
EndProject
Project("{2150E333-8FDC-42A3-9474-1A3956D46DE8}") = "Sample", "Sample", "{1C9CA9FF-71C5-4B20-8932-3C76027984C9}"
EndProject
Global
	GlobalSection(SolutionConfigurationPlatforms) = preSolution
		Debug|x64 = Debug|x64
		Debug|x86 = Debug|x86
		Release|x64 = Release|x64
		Release|x86 = Release|x86
	EndGlobalSection
	GlobalSection(ProjectConfigurationPlatforms) = postSolution
		{548F1626-CBA3-44D2-B0D4-562A8EBB60A4}.Debug|x64.ActiveCfg = Debug|x64
		{548F1626-CBA3-44D2-B0D4-562A8EBB60A4}.Debug|x64.Build.0 = Debug|x64
		{548F1626-CBA3-44D2-B0D4-562A8EBB60A4}.Debug|x86.ActiveCfg = Debug|Win32
		{548F1626-CBA3-44D2-B0D4-562A8EBB60A4}.Debug|x86.Build.0 = Debug|Win32
		{548F1626-CBA3-44D2-B0D4-562A8EBB60A4}.Release|x64.ActiveCfg = Release|x64
		{548F1626-CBA3-44D2-B0D4-562A8EBB60A4}.Release|x64.Build.0 = Release|x64
		{548F1626-CBA3-44D2-B0D4-562A8EBB60A4}.Release|x86.ActiveCfg = Release|Win32
		{548F1626-CBA3-44D2-B0D4-562A8EBB60A4}.Release|x86.Build.0 = Release|Win32
		{D4985EC3-87C7-4D4C-A1DB-7BBDE4BB1DD2}.Debug|x64.ActiveCfg = Debug|x64
		{D4985EC3-87C7-4D4C-A1DB-7BBDE4BB1DD2}.Debug|x64.Build.0 = Debug|x64
		{D4985EC3-87C7-4D4C-A1DB-7BBDE4BB1DD2}.Debug|x86.ActiveCfg = Debug|Win32
		{D4985EC3-87C7-4D4C-A1DB-7BBDE4BB1DD2}.Debug|x86.Build.0 = Debug|Win32
		{D4985EC3-87C7-4D4C-A1DB-7BBDE4BB1DD2}.Release|x64.ActiveCfg = Release|x64
		{D4985EC3-87C7-4D4C-A1DB-7BBDE4BB1DD2}.Release|x64.Build.0 = Release|x64
		{D4985EC3-87C7-4D4C-A1DB-7BBDE4BB1DD2}.Release|x86.ActiveCfg = Release|Win32
		{D4985EC3-87C7-4D4C-A1DB-7BBDE4BB1DD2}.Release|x86.Build.0 = Release|Win32
		{F10E9C83-22AD-48A7-8A3C-CABFC3EDFA5F}.Debug|x64.ActiveCfg = Debug|x64
		{F10E9C83-22AD-48A7-8A3C-CABFC3EDFA5F}.Debug|x64.Build.0 = Debug|x64
		{F10E9C83-22AD-48A7-8A3C-CABFC3EDFA5F}.Debug|x86.ActiveCfg = Debug|Win32
		{F10E9C83-22AD-48A7-8A3C-CABFC3EDFA5F}.Debug|x86.Build.0 = Debug|Win32
		{F10E9C83-22AD-48A7-8A3C-CABFC3EDFA5F}.Release|x64.ActiveCfg = Release|x64
		{F10E9C83-22AD-48A7-8A3C-CABFC3EDFA5F}.Release|x64.Build.0 = Release|x64
		{F10E9C83-22AD-48A7-8A3C-CABFC3EDFA5F}.Release|x86.ActiveCfg = Release|Win32
		{F10E9C83-22AD-48A7-8A3C-CABFC3EDFA5F}.Release|x86.Build.0 = Release|Win32
		{D4B44DD3-4E94-4AB8-9488-5328F095D4C0}.Debug|x64.ActiveCfg = Debug|x64
		{D4B44DD3-4E94-4AB8-9488-5328F095D4C0}.Debug|x64.Build.0 = Debug|x64
		{D4B44DD3-4E94-4AB8-9488-5328F095D4C0}.Debug|x86.ActiveCfg = Debug|Win32
		{D4B44DD3-4E94-4AB8-9488-5328F095D4C0}.Debug|x86.Build.0 = Debug|Win32
		{D4B44DD3-4E94-4AB8-9488-5328F095D4C0}.Release|x64.ActiveCfg = Release|x64
		{D4B44DD3-4E94-4AB8-9488-5328F095D4C0}.Release|x64.Build.0 = Release|x64
		{D4B44DD3-4E94-4AB8-9488-5328F095D4C0}.Release|x86.ActiveCfg = Release|Win32
		{D4B44DD3-4E94-4AB8-9488-5328F095D4C0}.Release|x86.Build.0 = Release|Win32
		{B0B3DA32-549A-4030-8F0B-71DA9AB22A2F}.Debug|x64.ActiveCfg = Debug|x64
		{B0B3DA32-549A-4030-8F0B-71DA9AB22A2F}.Debug|x64.Build.0 = Debug|x64
		{B0B3DA32-549A-4030-8F0B-71DA9AB22A2F}.Debug|x86.ActiveCfg = Debug|Win32
		{B0B3DA32-549A-4030-8F0B-71DA9AB22A2F}.Debug|x86.Build.0 = Debug|Win32
		{B0B3DA32-549A-4030-8F0B-71DA9AB22A2F}.Release|x64.ActiveCfg = Release|x64
		{B0B3DA32-549A-4030-8F0B-71DA9AB22A2F}.Release|x64.Build.0 = Release|x64
		{B0B3DA32-549A-4030-8F0B-71DA9AB22A2F}.Release|x86.ActiveCfg = Release|Win32
		{B0B3DA32-549A-4030-8F0B-71DA9AB22A2F}.Release|x86.Build.0 = Release|Win32
		{43D09703-96B9-46D0-AC3C-4D1097C7FA8D}.Debug|x64.ActiveCfg = Debug|x64
		{43D09703-96B9-46D0-AC3C-4D1097C7FA8D}.Debug|x64.Build.0 = Debug|x64
		{43D09703-96B9-46D0-AC3C-4D1097C7FA8D}.Debug|x86.ActiveCfg = Debug|Win32
		{43D09703-96B9-46D0-AC3C-4D1097C7FA8D}.Debug|x86.Build.0 = Debug|Win32
		{43D09703-96B9-46D0-AC3C-4D1097C7FA8D}.Release|x64.ActiveCfg = Release|x64
		{43D09703-96B9-46D0-AC3C-4D1097C7FA8D}.Release|x64.Build.0 = Release|x64
		{43D09703-96B9-46D0-AC3C-4D1097C7FA8D}.Release|x86.ActiveCfg = Release|Win32
		{43D09703-96B9-46D0-AC3C-4D1097C7FA8D}.Release|x86.Build.0 = Release|Win32
		{70714BD1-1650-48F7-8B88-0D6A60A42868}.Debug|x64.ActiveCfg = Debug|x64
		{70714BD1-1650-48F7-8B88-0D6A60A42868}.Debug|x64.Build.0 = Debug|x64
		{70714BD1-1650-48F7-8B88-0D6A60A42868}.Debug|x86.ActiveCfg = Debug|Win32
		{70714BD1-1650-48F7-8B88-0D6A60A42868}.Debug|x86.Build.0 = Debug|Win32
		{70714BD1-1650-48F7-8B88-0D6A60A42868}.Release|x64.ActiveCfg = Release|x64
		{70714BD1-1650-48F7-8B88-0D6A60A42868}.Release|x64.Build.0 = Release|x64
		{70714BD1-1650-48F7-8B88-0D6A60A42868}.Release|x86.ActiveCfg = Release|Win32
		{70714BD1-1650-48F7-8B88-0D6A60A42868}.Release|x86.Build.0 = Release|Win32
	EndGlobalSection
	GlobalSection(SolutionProperties) = preSolution
		HideSolutionNode = FALSE
	EndGlobalSection
	GlobalSection(NestedProjects) = preSolution
		{548F1626-CBA3-44D2-B0D4-562A8EBB60A4} = {2A7AFF72-21C4-4FA3-B8C0-EA4EE6DFE712}
		{D4985EC3-87C7-4D4C-A1DB-7BBDE4BB1DD2} = {81948A90-F0B4-4CFF-9FDF-E270E35B5FB0}
		{F10E9C83-22AD-48A7-8A3C-CABFC3EDFA5F} = {5612BD3C-335E-4C4E-9C48-FC2844338950}
		{D4B44DD3-4E94-4AB8-9488-5328F095D4C0} = {5612BD3C-335E-4C4E-9C48-FC2844338950}
		{B0B3DA32-549A-4030-8F0B-71DA9AB22A2F} = {5612BD3C-335E-4C4E-9C48-FC2844338950}
		{70714BD1-1650-48F7-8B88-0D6A60A42868} = {1C9CA9FF-71C5-4B20-8932-3C76027984C9}
	EndGlobalSection
	GlobalSection(ExtensibilityGlobals) = postSolution
		SolutionGuid = {81F69D40-3B7B-416A-8174-B0D252D8793D}
	EndGlobalSection
EndGlobal
