<?xml version="1.0" encoding="utf-8"?>
<Project ToolsVersion="4.0" xmlns="http://schemas.microsoft.com/developer/msbuild/2003">
  <ItemGroup>
    <ClCompile Include="AAseObj.cpp">
      <Filter>Source</Filter>
    </ClCompile>
    <ClCompile Include="AAseParser.cpp">
      <Filter>Source</Filter>
    </ClCompile>
    <ClCompile Include="ABoxObj.cpp">
      <Filter>Source</Filter>
    </ClCompile>
    <ClCompile Include="ACamera.cpp">
      <Filter>Source</Filter>
    </ClCompile>
    <ClCompile Include="ACore.cpp">
      <Filter>Source</Filter>
    </ClCompile>
    <ClCompile Include="ACoreEngine.cpp">
      <Filter>Source</Filter>
    </ClCompile>
    <ClCompile Include="ADevice.cpp">
      <Filter>Source</Filter>
    </ClCompile>
    <ClCompile Include="ADxHelperEx.cpp">
      <Filter>Source</Filter>
    </ClCompile>
    <ClCompile Include="ADxRT.cpp">
      <Filter>Source</Filter>
    </ClCompile>
    <ClCompile Include="ADxShape.cpp">
      <Filter>Source</Filter>
    </ClCompile>
    <ClCompile Include="ADxSO.cpp">
      <Filter>Source</Filter>
    </ClCompile>
    <ClCompile Include="ADxState.cpp">
      <Filter>Source</Filter>
    </ClCompile>
    <ClCompile Include="ADxWrite.cpp">
      <Filter>Source</Filter>
    </ClCompile>
    <ClCompile Include="AFPSCamera.cpp">
      <Filter>Source</Filter>
    </ClCompile>
    <ClCompile Include="AFrustum.cpp">
      <Filter>Source</Filter>
    </ClCompile>
    <ClCompile Include="AInput.cpp">
      <Filter>Source</Filter>
    </ClCompile>
    <ClCompile Include="ANode.cpp">
      <Filter>Source</Filter>
    </ClCompile>
    <ClCompile Include="AObjMgr.cpp">
      <Filter>Source</Filter>
    </ClCompile>
    <ClCompile Include="ARayCast.cpp">
      <Filter>Source</Filter>
    </ClCompile>
    <ClCompile Include="ATexture.cpp">
      <Filter>Source</Filter>
    </ClCompile>
    <ClCompile Include="ATimer.cpp">
      <Filter>Source</Filter>
    </ClCompile>
    <ClCompile Include="AWindow.cpp">
      <Filter>Source</Filter>
    </ClCompile>
    <ClCompile Include="CollCheck.cpp">
      <Filter>Source</Filter>
    </ClCompile>
    <ClCompile Include="DrawHelper.cpp">
      <Filter>Source</Filter>
    </ClCompile>
    <ClCompile Include="kkbObj.cpp">
      <Filter>Source</Filter>
    </ClCompile>
    <ClCompile Include="Vector.cpp">
      <Filter>Source</Filter>
    </ClCompile>
    <ClCompile Include="ABoneObj.cpp">
      <Filter>Object</Filter>
    </ClCompile>
    <ClCompile Include="ACharacter.cpp">
      <Filter>Object</Filter>
    </ClCompile>
    <ClCompile Include="ACharacterLoader.cpp">
      <Filter>Object</Filter>
    </ClCompile>
    <ClCompile Include="ACharMgr.cpp">
      <Filter>Object</Filter>
    </ClCompile>
    <ClCompile Include="ALoadToken.cpp">
      <Filter>Object</Filter>
    </ClCompile>
    <ClCompile Include="AMesh.cpp">
      <Filter>Object</Filter>
    </ClCompile>
    <ClCompile Include="AModel.cpp">
      <Filter>Object</Filter>
    </ClCompile>
    <ClCompile Include="AModelObj.cpp">
      <Filter>Object</Filter>
    </ClCompile>
    <ClCompile Include="ASkinObj.cpp">
      <Filter>Object</Filter>
    </ClCompile>
    <ClCompile Include="AHeroObj.cpp">
      <Filter>Object</Filter>
    </ClCompile>
  </ItemGroup>
  <ItemGroup>
    <ClInclude Include="A_BoxObj.h">
      <Filter>Source</Filter>
    </ClInclude>
    <ClInclude Include="AAseObj.h">
      <Filter>Source</Filter>
    </ClInclude>
    <ClInclude Include="AAseObjStd.h">
      <Filter>Source</Filter>
    </ClInclude>
    <ClInclude Include="AAseParser.h">
      <Filter>Source</Filter>
    </ClInclude>
    <ClInclude Include="ABaseObj.h">
      <Filter>Source</Filter>
    </ClInclude>
    <ClInclude Include="ABoxObj.h">
      <Filter>Source</Filter>
    </ClInclude>
    <ClInclude Include="ACamera.h">
      <Filter>Source</Filter>
    </ClInclude>
    <ClInclude Include="ACore.h">
      <Filter>Source</Filter>
    </ClInclude>
    <ClInclude Include="ADevice.h">
      <Filter>Source</Filter>
    </ClInclude>
    <ClInclude Include="ADxHelperEx.h">
      <Filter>Source</Filter>
    </ClInclude>
    <ClInclude Include="ADxObjStd.h">
      <Filter>Source</Filter>
    </ClInclude>
    <ClInclude Include="ADxRT.h">
      <Filter>Source</Filter>
    </ClInclude>
    <ClInclude Include="ADxShape.h">
      <Filter>Source</Filter>
    </ClInclude>
    <ClInclude Include="ADxSO.h">
      <Filter>Source</Filter>
    </ClInclude>
    <ClInclude Include="ADxState.h">
      <Filter>Source</Filter>
    </ClInclude>
    <ClInclude Include="ADxStd.h">
      <Filter>Source</Filter>
    </ClInclude>
    <ClInclude Include="ADxWrite.h">
      <Filter>Source</Filter>
    </ClInclude>
    <ClInclude Include="AFPSCamera.h">
      <Filter>Source</Filter>
    </ClInclude>
    <ClInclude Include="AFrustum.h">
      <Filter>Source</Filter>
    </ClInclude>
    <ClInclude Include="AInput.h">
      <Filter>Source</Filter>
    </ClInclude>
    <ClInclude Include="ANode.h">
      <Filter>Source</Filter>
    </ClInclude>
    <ClInclude Include="AObjMgr.h">
      <Filter>Source</Filter>
    </ClInclude>
    <ClInclude Include="APOINT.h">
      <Filter>Source</Filter>
    </ClInclude>
    <ClInclude Include="ARayCast.h">
      <Filter>Source</Filter>
    </ClInclude>
    <ClInclude Include="ARECT.h">
      <Filter>Source</Filter>
    </ClInclude>
    <ClInclude Include="AStd.h">
      <Filter>Source</Filter>
    </ClInclude>
    <ClInclude Include="ATexture.h">
      <Filter>Source</Filter>
    </ClInclude>
    <ClInclude Include="AThread.h">
      <Filter>Source</Filter>
    </ClInclude>
    <ClInclude Include="ATimer.h">
      <Filter>Source</Filter>
    </ClInclude>
    <ClInclude Include="AWindow.h">
      <Filter>Source</Filter>
    </ClInclude>
    <ClInclude Include="CollCheck.h">
      <Filter>Source</Filter>
    </ClInclude>
    <ClInclude Include="DrawHelper.h">
      <Filter>Source</Filter>
    </ClInclude>
    <ClInclude Include="kkbObj.h">
      <Filter>Source</Filter>
    </ClInclude>
    <ClInclude Include="Vector.h">
      <Filter>Source</Filter>
    </ClInclude>
    <ClInclude Include="ABoneObj.h">
      <Filter>Object</Filter>
    </ClInclude>
    <ClInclude Include="ACharacter.h">
      <Filter>Object</Filter>
    </ClInclude>
    <ClInclude Include="ACharacterLoader.h">
      <Filter>Object</Filter>
    </ClInclude>
    <ClInclude Include="ACharMgr.h">
      <Filter>Object</Filter>
    </ClInclude>
    <ClInclude Include="ALoadToken.h">
      <Filter>Object</Filter>
    </ClInclude>
    <ClInclude Include="AMesh.h">
      <Filter>Object</Filter>
    </ClInclude>
    <ClInclude Include="AModel.h">
      <Filter>Object</Filter>
    </ClInclude>
    <ClInclude Include="AModelObj.h">
      <Filter>Object</Filter>
    </ClInclude>
    <ClInclude Include="ASkinObj.h">
      <Filter>Object</Filter>
    </ClInclude>
    <ClInclude Include="AHeroObj.h">
      <Filter>Object</Filter>
    </ClInclude>
  </ItemGroup>
  <ItemGroup>
    <Filter Include="Object">
      <UniqueIdentifier>{454222bd-17dd-432e-bf9b-087851bbd26b}</UniqueIdentifier>
    </Filter>
    <Filter Include="Source">
      <UniqueIdentifier>{4f1b4338-9b47-4083-be9b-04b2db239767}</UniqueIdentifier>
    </Filter>
  </ItemGroup>
</Project>